
Microsoft Visual Studio Solution File, Format Version 12.00
# Visual Studio Version 16
VisualStudioVersion = 16.0.31321.278
MinimumVisualStudioVersion = 10.0.40219.1
Project("{FAE04EC0-301F-11D3-BF4B-00C04F79EFBC}") = "task", "task\task.csproj", "{648A58AE-6240-48D3-AB9E-444AAF00152D}"
EndProject
Global
	GlobalSection(SolutionConfigurationPlatforms) = preSolution
		Debug|Any CPU = Debug|Any CPU
		Release|Any CPU = Release|Any CPU
	EndGlobalSection
	GlobalSection(ProjectConfigurationPlatforms) = postSolution
		{648A58AE-6240-48D3-AB9E-444AAF00152D}.Debug|Any CPU.ActiveCfg = Debug|Any CPU
		{648A58AE-6240-48D3-AB9E-444AAF00152D}.Debug|Any CPU.Build.0 = Debug|Any CPU
		{648A58AE-6240-48D3-AB9E-444AAF00152D}.Release|Any CPU.ActiveCfg = Release|Any CPU
		{648A58AE-6240-48D3-AB9E-444AAF00152D}.Release|Any CPU.Build.0 = Release|Any CPU
	EndGlobalSection
	GlobalSection(SolutionProperties) = preSolution
		HideSolutionNode = FALSE
	EndGlobalSection
	GlobalSection(ExtensibilityGlobals) = postSolution
		SolutionGuid = {9DEB7C4C-B5D8-4390-82A0-895F3A8AE2A0}
	EndGlobalSection
EndGlobal
